
Microsoft Visual Studio Solution File, Format Version 12.00
# Visual Studio Version 17
VisualStudioVersion = 17.5.33516.290
MinimumVisualStudioVersion = 10.0.40219.1
Project("{FAE04EC0-301F-11D3-BF4B-00C04F79EFBC}") = "Section4-MultiThreading", "Section4-MultiThreading\Section4-MultiThreading.csproj", "{CF4CB807-2906-4A0C-AE6D-F4B6132DC6C8}"
EndProject
Global
	GlobalSection(SolutionConfigurationPlatforms) = preSolution
		Debug|Any CPU = Debug|Any CPU
		Release|Any CPU = Release|Any CPU
	EndGlobalSection
	GlobalSection(ProjectConfigurationPlatforms) = postSolution
		{CF4CB807-2906-4A0C-AE6D-F4B6132DC6C8}.Debug|Any CPU.ActiveCfg = Debug|Any CPU
		{CF4CB807-2906-4A0C-AE6D-F4B6132DC6C8}.Debug|Any CPU.Build.0 = Debug|Any CPU
		{CF4CB807-2906-4A0C-AE6D-F4B6132DC6C8}.Release|Any CPU.ActiveCfg = Release|Any CPU
		{CF4CB807-2906-4A0C-AE6D-F4B6132DC6C8}.Release|Any CPU.Build.0 = Release|Any CPU
	EndGlobalSection
	GlobalSection(SolutionProperties) = preSolution
		HideSolutionNode = FALSE
	EndGlobalSection
	GlobalSection(ExtensibilityGlobals) = postSolution
		SolutionGuid = {9773845B-E2D0-4C3C-ADBF-135D0960DE76}
	EndGlobalSection
EndGlobal
