
Microsoft Visual Studio Solution File, Format Version 12.00
# Visual Studio Version 17
VisualStudioVersion = 17.5.33516.290
MinimumVisualStudioVersion = 10.0.40219.1
Project("{FAE04EC0-301F-11D3-BF4B-00C04F79EFBC}") = "Section4_Multi-Threading", "Section4_Multi-Threading\Section4_Multi-Threading.csproj", "{950336C3-6CD2-4966-9561-273CDDAF76B6}"
EndProject
Project("{FAE04EC0-301F-11D3-BF4B-00C04F79EFBC}") = "Section4_MultitThreading_Test", "Section4_MultitThreading_Test\Section4_MultitThreading_Test.csproj", "{395172F1-6B62-4C8B-BE8F-945910B92C6A}"
EndProject
Global
	GlobalSection(SolutionConfigurationPlatforms) = preSolution
		Debug|Any CPU = Debug|Any CPU
		Release|Any CPU = Release|Any CPU
	EndGlobalSection
	GlobalSection(ProjectConfigurationPlatforms) = postSolution
		{950336C3-6CD2-4966-9561-273CDDAF76B6}.Debug|Any CPU.ActiveCfg = Debug|Any CPU
		{950336C3-6CD2-4966-9561-273CDDAF76B6}.Debug|Any CPU.Build.0 = Debug|Any CPU
		{950336C3-6CD2-4966-9561-273CDDAF76B6}.Release|Any CPU.ActiveCfg = Release|Any CPU
		{950336C3-6CD2-4966-9561-273CDDAF76B6}.Release|Any CPU.Build.0 = Release|Any CPU
		{395172F1-6B62-4C8B-BE8F-945910B92C6A}.Debug|Any CPU.ActiveCfg = Debug|Any CPU
		{395172F1-6B62-4C8B-BE8F-945910B92C6A}.Debug|Any CPU.Build.0 = Debug|Any CPU
		{395172F1-6B62-4C8B-BE8F-945910B92C6A}.Release|Any CPU.ActiveCfg = Release|Any CPU
		{395172F1-6B62-4C8B-BE8F-945910B92C6A}.Release|Any CPU.Build.0 = Release|Any CPU
	EndGlobalSection
	GlobalSection(SolutionProperties) = preSolution
		HideSolutionNode = FALSE
	EndGlobalSection
	GlobalSection(ExtensibilityGlobals) = postSolution
		SolutionGuid = {9773845B-E2D0-4C3C-ADBF-135D0960DE76}
	EndGlobalSection
EndGlobal
